// !$*UTF8*$!
{
	archiveVersion = 1;
	classes = {
	};
	objectVersion = 50;
	objects = {

/* Begin PBXBuildFile section */
		47F6BED9216FDC9E007A370E /* AppDelegate.swift in Sources */ = {isa = PBXBuildFile; fileRef = 47F6BED8216FDC9E007A370E /* AppDelegate.swift */; };
		47F6BEDB216FDC9E007A370E /* ViewController.swift in Sources */ = {isa = PBXBuildFile; fileRef = 47F6BEDA216FDC9E007A370E /* ViewController.swift */; };
		47F6BEDE216FDC9E007A370E /* Main.storyboard in Resources */ = {isa = PBXBuildFile; fileRef = 47F6BEDC216FDC9E007A370E /* Main.storyboard */; };
		47F6BEE0216FDC9F007A370E /* Assets.xcassets in Resources */ = {isa = PBXBuildFile; fileRef = 47F6BEDF216FDC9F007A370E /* Assets.xcassets */; };
		47F6BEE3216FDC9F007A370E /* LaunchScreen.storyboard in Resources */ = {isa = PBXBuildFile; fileRef = 47F6BEE1216FDC9F007A370E /* LaunchScreen.storyboard */; };
		47F6BEEB216FDCCC007A370E /* Student.swift in Sources */ = {isa = PBXBuildFile; fileRef = 47F6BEEA216FDCCC007A370E /* Student.swift */; };
		47F6BEED216FDE15007A370E /* StudentManager.swift in Sources */ = {isa = PBXBuildFile; fileRef = 47F6BEEC216FDE15007A370E /* StudentManager.swift */; };
/* End PBXBuildFile section */

/* Begin PBXFileReference section */
		47F6BED5216FDC9E007A370E /* JSON Students.app */ = {isa = PBXFileReference; explicitFileType = wrapper.application; includeInIndex = 0; path = "JSON Students.app"; sourceTree = BUILT_PRODUCTS_DIR; };
		47F6BED8216FDC9E007A370E /* AppDelegate.swift */ = {isa = PBXFileReference; lastKnownFileType = sourcecode.swift; path = AppDelegate.swift; sourceTree = "<group>"; };
		47F6BEDA216FDC9E007A370E /* ViewController.swift */ = {isa = PBXFileReference; lastKnownFileType = sourcecode.swift; path = ViewController.swift; sourceTree = "<group>"; };
		47F6BEDD216FDC9E007A370E /* Base */ = {isa = PBXFileReference; lastKnownFileType = file.storyboard; name = Base; path = Base.lproj/Main.storyboard; sourceTree = "<group>"; };
		47F6BEDF216FDC9F007A370E /* Assets.xcassets */ = {isa = PBXFileReference; lastKnownFileType = folder.assetcatalog; path = Assets.xcassets; sourceTree = "<group>"; };
		47F6BEE2216FDC9F007A370E /* Base */ = {isa = PBXFileReference; lastKnownFileType = file.storyboard; name = Base; path = Base.lproj/LaunchScreen.storyboard; sourceTree = "<group>"; };
		47F6BEE4216FDC9F007A370E /* Info.plist */ = {isa = PBXFileReference; lastKnownFileType = text.plist.xml; path = Info.plist; sourceTree = "<group>"; };
		47F6BEEA216FDCCC007A370E /* Student.swift */ = {isa = PBXFileReference; lastKnownFileType = sourcecode.swift; path = Student.swift; sourceTree = "<group>"; };
		47F6BEEC216FDE15007A370E /* StudentManager.swift */ = {isa = PBXFileReference; lastKnownFileType = sourcecode.swift; path = StudentManager.swift; sourceTree = "<group>"; };
/* End PBXFileReference section */

/* Begin PBXFrameworksBuildPhase section */
		47F6BED2216FDC9E007A370E /* Frameworks */ = {
			isa = PBXFrameworksBuildPhase;
			buildActionMask = 2147483647;
			files = (
			);
			runOnlyForDeploymentPostprocessing = 0;
		};
/* End PBXFrameworksBuildPhase section */

/* Begin PBXGroup section */
		47F6BECC216FDC9E007A370E = {
			isa = PBXGroup;
			children = (
				47F6BED7216FDC9E007A370E /* JSON Students */,
				47F6BED6216FDC9E007A370E /* Products */,
			);
			sourceTree = "<group>";
		};
		47F6BED6216FDC9E007A370E /* Products */ = {
			isa = PBXGroup;
			children = (
				47F6BED5216FDC9E007A370E /* JSON Students.app */,
			);
			name = Products;
			sourceTree = "<group>";
		};
		47F6BED7216FDC9E007A370E /* JSON Students */ = {
			isa = PBXGroup;
			children = (
				47F6BED8216FDC9E007A370E /* AppDelegate.swift */,
				47F6BEDA216FDC9E007A370E /* ViewController.swift */,
				47F6BEDC216FDC9E007A370E /* Main.storyboard */,
				47F6BEEA216FDCCC007A370E /* Student.swift */,
				47F6BEEC216FDE15007A370E /* StudentManager.swift */,
				47F6BEDF216FDC9F007A370E /* Assets.xcassets */,
				47F6BEE1216FDC9F007A370E /* LaunchScreen.storyboard */,
				47F6BEE4216FDC9F007A370E /* Info.plist */,
			);
			path = "JSON Students";
			sourceTree = "<group>";
		};
/* End PBXGroup section */

/* Begin PBXNativeTarget section */
		47F6BED4216FDC9E007A370E /* JSON Students */ = {
			isa = PBXNativeTarget;
			buildConfigurationList = 47F6BEE7216FDC9F007A370E /* Build configuration list for PBXNativeTarget "JSON Students" */;
			buildPhases = (
				47F6BED1216FDC9E007A370E /* Sources */,
				47F6BED2216FDC9E007A370E /* Frameworks */,
				47F6BED3216FDC9E007A370E /* Resources */,
			);
			buildRules = (
			);
			dependencies = (
			);
			name = "JSON Students";
			productName = "JSON Students";
			productReference = 47F6BED5216FDC9E007A370E /* JSON Students.app */;
			productType = "com.apple.product-type.application";
		};
/* End PBXNativeTarget section */

/* Begin PBXProject section */
		47F6BECD216FDC9E007A370E /* Project object */ = {
			isa = PBXProject;
			attributes = {
				LastSwiftUpdateCheck = 1000;
				LastUpgradeCheck = 1000;
				ORGANIZATIONNAME = "Jerrick Warren";
				TargetAttributes = {
					47F6BED4216FDC9E007A370E = {
						CreatedOnToolsVersion = 10.0;
					};
				};
			};
			buildConfigurationList = 47F6BED0216FDC9E007A370E /* Build configuration list for PBXProject "JSON Students" */;
			compatibilityVersion = "Xcode 9.3";
			developmentRegion = en;
			hasScannedForEncodings = 0;
			knownRegions = (
				en,
				Base,
			);
			mainGroup = 47F6BECC216FDC9E007A370E;
			productRefGroup = 47F6BED6216FDC9E007A370E /* Products */;
			projectDirPath = "";
			projectRoot = "";
			targets = (
				47F6BED4216FDC9E007A370E /* JSON Students */,
			);
		};
/* End PBXProject section */

/* Begin PBXResourcesBuildPhase section */
		47F6BED3216FDC9E007A370E /* Resources */ = {
			isa = PBXResourcesBuildPhase;
			buildActionMask = 2147483647;
			files = (
				47F6BEE3216FDC9F007A370E /* LaunchScreen.storyboard in Resources */,
				47F6BEE0216FDC9F007A370E /* Assets.xcassets in Resources */,
				47F6BEDE216FDC9E007A370E /* Main.storyboard in Resources */,
			);
			runOnlyForDeploymentPostprocessing = 0;
		};
/* End PBXResourcesBuildPhase section */

/* Begin PBXSourcesBuildPhase section */
		47F6BED1216FDC9E007A370E /* Sources */ = {
			isa = PBXSourcesBuildPhase;
			buildActionMask = 2147483647;
			files = (
				47F6BEDB216FDC9E007A370E /* ViewController.swift in Sources */,
				47F6BEED216FDE15007A370E /* StudentManager.swift in Sources */,
				47F6BEEB216FDCCC007A370E /* Student.swift in Sources */,
				47F6BED9216FDC9E007A370E /* AppDelegate.swift in Sources */,
			);
			runOnlyForDeploymentPostprocessing = 0;
		};
/* End PBXSourcesBuildPhase section */

/* Begin PBXVariantGroup section */
		47F6BEDC216FDC9E007A370E /* Main.storyboard */ = {
			isa = PBXVariantGroup;
			children = (
				47F6BEDD216FDC9E007A370E /* Base */,
			);
			name = Main.storyboard;
			sourceTree = "<group>";
		};
		47F6BEE1216FDC9F007A370E /* LaunchScreen.storyboard */ = {
			isa = PBXVariantGroup;
			children = (
				47F6BEE2216FDC9F007A370E /* Base */,
			);
			name = LaunchScreen.storyboard;
			sourceTree = "<group>";
		};
/* End PBXVariantGroup section */

/* Begin XCBuildConfiguration section */
		47F6BEE5216FDC9F007A370E /* Debug */ = {
			isa = XCBuildConfiguration;
			buildSettings = {
				ALWAYS_SEARCH_USER_PATHS = NO;
				CLANG_ANALYZER_NONNULL = YES;
				CLANG_ANALYZER_NUMBER_OBJECT_CONVERSION = YES_AGGRESSIVE;
				CLANG_CXX_LANGUAGE_STANDARD = "gnu++14";
				CLANG_CXX_LIBRARY = "libc++";
				CLANG_ENABLE_MODULES = YES;
				CLANG_ENABLE_OBJC_ARC = YES;
				CLANG_ENABLE_OBJC_WEAK = YES;
				CLANG_WARN_BLOCK_CAPTURE_AUTORELEASING = YES;
				CLANG_WARN_BOOL_CONVERSION = YES;
				CLANG_WARN_COMMA = YES;
				CLANG_WARN_CONSTANT_CONVERSION = YES;
				CLANG_WARN_DEPRECATED_OBJC_IMPLEMENTATIONS = YES;
				CLANG_WARN_DIRECT_OBJC_ISA_USAGE = YES_ERROR;
				CLANG_WARN_DOCUMENTATION_COMMENTS = YES;
				CLANG_WARN_EMPTY_BODY = YES;
				CLANG_WARN_ENUM_CONVERSION = YES;
				CLANG_WARN_INFINITE_RECURSION = YES;
				CLANG_WARN_INT_CONVERSION = YES;
				CLANG_WARN_NON_LITERAL_NULL_CONVERSION = YES;
				CLANG_WARN_OBJC_IMPLICIT_RETAIN_SELF = YES;
				CLANG_WARN_OBJC_LITERAL_CONVERSION = YES;
				CLANG_WARN_OBJC_ROOT_CLASS = YES_ERROR;
				CLANG_WARN_RANGE_LOOP_ANALYSIS = YES;
				CLANG_WARN_STRICT_PROTOTYPES = YES;
				CLANG_WARN_SUSPICIOUS_MOVE = YES;
				CLANG_WARN_UNGUARDED_AVAILABILITY = YES_AGGRESSIVE;
				CLANG_WARN_UNREACHABLE_CODE = YES;
				CLANG_WARN__DUPLICATE_METHOD_MATCH = YES;
				CODE_SIGN_IDENTITY = "iPhone Developer";
				COPY_PHASE_STRIP = NO;
				DEBUG_INFORMATION_FORMAT = dwarf;
				ENABLE_STRICT_OBJC_MSGSEND = YES;
				ENABLE_TESTABILITY = YES;
				GCC_C_LANGUAGE_STANDARD = gnu11;
				GCC_DYNAMIC_NO_PIC = NO;
				GCC_NO_COMMON_BLOCKS = YES;
				GCC_OPTIMIZATION_LEVEL = 0;
				GCC_PREPROCESSOR_DEFINITIONS = (
					"DEBUG=1",
					"$(inherited)",
				);
				GCC_WARN_64_TO_32_BIT_CONVERSION = YES;
				GCC_WARN_ABOUT_RETURN_TYPE = YES_ERROR;
				GCC_WARN_UNDECLARED_SELECTOR = YES;
				GCC_WARN_UNINITIALIZED_AUTOS = YES_AGGRESSIVE;
				GCC_WARN_UNUSED_FUNCTION = YES;
				GCC_WARN_UNUSED_VARIABLE = YES;
				IPHONEOS_DEPLOYMENT_TARGET = 12.0;
				MTL_ENABLE_DEBUG_INFO = INCLUDE_SOURCE;
				MTL_FAST_MATH = YES;
				ONLY_ACTIVE_ARCH = YES;
				SDKROOT = iphoneos;
				SWIFT_ACTIVE_COMPILATION_CONDITIONS = DEBUG;
				SWIFT_OPTIMIZATION_LEVEL = "-Onone";
			};
			name = Debug;
		};
		47F6BEE6216FDC9F007A370E /* Release */ = {
			isa = XCBuildConfiguration;
			buildSettings = {
				ALWAYS_SEARCH_USER_PATHS = NO;
				CLANG_ANALYZER_NONNULL = YES;
				CLANG_ANALYZER_NUMBER_OBJECT_CONVERSION = YES_AGGRESSIVE;
				CLANG_CXX_LANGUAGE_STANDARD = "gnu++14";
				CLANG_CXX_LIBRARY = "libc++";
				CLANG_ENABLE_MODULES = YES;
				CLANG_ENABLE_OBJC_ARC = YES;
				CLANG_ENABLE_OBJC_WEAK = YES;
				CLANG_WARN_BLOCK_CAPTURE_AUTORELEASING = YES;
				CLANG_WARN_BOOL_CONVERSION = YES;
				CLANG_WARN_COMMA = YES;
				CLANG_WARN_CONSTANT_CONVERSION = YES;
				CLANG_WARN_DEPRECATED_OBJC_IMPLEMENTATIONS = YES;
				CLANG_WARN_DIRECT_OBJC_ISA_USAGE = YES_ERROR;
				CLANG_WARN_DOCUMENTATION_COMMENTS = YES;
				CLANG_WARN_EMPTY_BODY = YES;
				CLANG_WARN_ENUM_CONVERSION = YES;
				CLANG_WARN_INFINITE_RECURSION = YES;
				CLANG_WARN_INT_CONVERSION = YES;
				CLANG_WARN_NON_LITERAL_NULL_CONVERSION = YES;
				CLANG_WARN_OBJC_IMPLICIT_RETAIN_SELF = YES;
				CLANG_WARN_OBJC_LITERAL_CONVERSION = YES;
				CLANG_WARN_OBJC_ROOT_CLASS = YES_ERROR;
				CLANG_WARN_RANGE_LOOP_ANALYSIS = YES;
				CLANG_WARN_STRICT_PROTOTYPES = YES;
				CLANG_WARN_SUSPICIOUS_MOVE = YES;
				CLANG_WARN_UNGUARDED_AVAILABILITY = YES_AGGRESSIVE;
				CLANG_WARN_UNREACHABLE_CODE = YES;
				CLANG_WARN__DUPLICATE_METHOD_MATCH = YES;
				CODE_SIGN_IDENTITY = "iPhone Developer";
				COPY_PHASE_STRIP = NO;
				DEBUG_INFORMATION_FORMAT = "dwarf-with-dsym";
				ENABLE_NS_ASSERTIONS = NO;
				ENABLE_STRICT_OBJC_MSGSEND = YES;
				GCC_C_LANGUAGE_STANDARD = gnu11;
				GCC_NO_COMMON_BLOCKS = YES;
				GCC_WARN_64_TO_32_BIT_CONVERSION = YES;
				GCC_WARN_ABOUT_RETURN_TYPE = YES_ERROR;
				GCC_WARN_UNDECLARED_SELECTOR = YES;
				GCC_WARN_UNINITIALIZED_AUTOS = YES_AGGRESSIVE;
				GCC_WARN_UNUSED_FUNCTION = YES;
				GCC_WARN_UNUSED_VARIABLE = YES;
				IPHONEOS_DEPLOYMENT_TARGET = 12.0;
				MTL_ENABLE_DEBUG_INFO = NO;
				MTL_FAST_MATH = YES;
				SDKROOT = iphoneos;
				SWIFT_COMPILATION_MODE = wholemodule;
				SWIFT_OPTIMIZATION_LEVEL = "-O";
				VALIDATE_PRODUCT = YES;
			};
			name = Release;
		};
		47F6BEE8216FDC9F007A370E /* Debug */ = {
			isa = XCBuildConfiguration;
			buildSettings = {
				ASSETCATALOG_COMPILER_APPICON_NAME = AppIcon;
				CODE_SIGN_STYLE = Automatic;
				DEVELOPMENT_TEAM = 7JG93VFG2G;
				INFOPLIST_FILE = "JSON Students/Info.plist";
				LD_RUNPATH_SEARCH_PATHS = (
					"$(inherited)",
					"@executable_path/Frameworks",
				);
				PRODUCT_BUNDLE_IDENTIFIER = "com.jerrickwarren.JSON-Students";
				PRODUCT_NAME = "$(TARGET_NAME)";
				SWIFT_VERSION = 4.2;
				TARGETED_DEVICE_FAMILY = "1,2";
			};
			name = Debug;
		};
		47F6BEE9216FDC9F007A370E /* Release */ = {
			isa = XCBuildConfiguration;
			buildSettings = {
				ASSETCATALOG_COMPILER_APPICON_NAME = AppIcon;
				CODE_SIGN_STYLE = Automatic;
				DEVELOPMENT_TEAM = 7JG93VFG2G;
				INFOPLIST_FILE = "JSON Students/Info.plist";
				LD_RUNPATH_SEARCH_PATHS = (
					"$(inherited)",
					"@executable_path/Frameworks",
				);
				PRODUCT_BUNDLE_IDENTIFIER = "com.jerrickwarren.JSON-Students";
				PRODUCT_NAME = "$(TARGET_NAME)";
				SWIFT_VERSION = 4.2;
				TARGETED_DEVICE_FAMILY = "1,2";
			};
			name = Release;
		};
/* End XCBuildConfiguration section */

/* Begin XCConfigurationList section */
		47F6BED0216FDC9E007A370E /* Build configuration list for PBXProject "JSON Students" */ = {
			isa = XCConfigurationList;
			buildConfigurations = (
				47F6BEE5216FDC9F007A370E /* Debug */,
				47F6BEE6216FDC9F007A370E /* Release */,
			);
			defaultConfigurationIsVisible = 0;
			defaultConfigurationName = Release;
		};
		47F6BEE7216FDC9F007A370E /* Build configuration list for PBXNativeTarget "JSON Students" */ = {
			isa = XCConfigurationList;
			buildConfigurations = (
				47F6BEE8216FDC9F007A370E /* Debug */,
				47F6BEE9216FDC9F007A370E /* Release */,
			);
			defaultConfigurationIsVisible = 0;
			defaultConfigurationName = Release;
		};
/* End XCConfigurationList section */
	};
	rootObject = 47F6BECD216FDC9E007A370E /* Project object */;
}
